
Microsoft Visual Studio Solution File, Format Version 12.00
# Visual Studio Version 17
VisualStudioVersion = 17.0.31903.59
MinimumVisualStudioVersion = 10.0.40219.1
Project("{2150E333-8FDC-42A3-9474-1A3956D46DE8}") = "src", "src", "{827E0CD3-B72D-47B6-A68D-7590B98EB39B}"
EndProject
Project("{2150E333-8FDC-42A3-9474-1A3956D46DE8}") = "Host", "Host", "{981C2CF6-E5BB-602A-511C-234B538302B0}"
EndProject
Project("{FAE04EC0-301F-11D3-BF4B-00C04F79EFBC}") = "ContentPlatform.Worker", "src\Host\ContentPlatform.Worker\ContentPlatform.Worker.csproj", "{26F846F7-222F-40AC-B236-2B00E98BC6A5}"
EndProject
Project("{2150E333-8FDC-42A3-9474-1A3956D46DE8}") = "Shared", "Shared", "{C8E42992-5E42-0C2B-DBFE-AA848D06431C}"
EndProject
Project("{FAE04EC0-301F-11D3-BF4B-00C04F79EFBC}") = "ContentPlatform.SharedKernel", "src\Shared\ContentPlatform.SharedKernel\ContentPlatform.SharedKernel.csproj", "{776AF70D-AF3A-4BA2-A5B1-1C05F716F434}"
EndProject
Project("{FAE04EC0-301F-11D3-BF4B-00C04F79EFBC}") = "ContentPlatform.Abstractions", "src\Shared\ContentPlatform.Abstractions\ContentPlatform.Abstractions.csproj", "{809C30E7-7F70-46A4-9CF9-25C486F1D05E}"
EndProject
Project("{FAE04EC0-301F-11D3-BF4B-00C04F79EFBC}") = "ContentPlatform.Api", "src\Host\ContentPlatform.Api\ContentPlatform.Api.csproj", "{BDD8B6AD-5A93-493D-AF81-60B4541AF38C}"
EndProject
Project("{2150E333-8FDC-42A3-9474-1A3956D46DE8}") = "Contexts", "Contexts", "{2F740AAA-E058-A105-0C4B-A5AF81FB7663}"
EndProject
Project("{2150E333-8FDC-42A3-9474-1A3956D46DE8}") = "Ingestion", "Ingestion", "{6E77E5D7-12A5-9EFB-1CAA-2DC4BDB0A2BD}"
EndProject
Project("{FAE04EC0-301F-11D3-BF4B-00C04F79EFBC}") = "ContentPlatform.Ingestion", "src\Contexts\Ingestion\ContentPlatform.Ingestion\ContentPlatform.Ingestion.csproj", "{FF60BBA4-BC9B-4466-9CD4-F3A8272A3668}"
EndProject
Project("{2150E333-8FDC-42A3-9474-1A3956D46DE8}") = "Editorial", "Editorial", "{D0A830E3-AE27-8469-E20C-8E71C796C48F}"
EndProject
Project("{FAE04EC0-301F-11D3-BF4B-00C04F79EFBC}") = "ContentPlatform.Editorial", "src\Contexts\Editorial\ContentPlatform.Editorial\ContentPlatform.Editorial.csproj", "{41EDBD93-B0F6-495B-90A2-B053E8B22FDC}"
EndProject
Project("{2150E333-8FDC-42A3-9474-1A3956D46DE8}") = "Publishing", "Publishing", "{6864ADE7-D216-04B5-2091-C616B911A906}"
EndProject
Project("{FAE04EC0-301F-11D3-BF4B-00C04F79EFBC}") = "ContentPlatform.Publishing", "src\Contexts\Publishing\ContentPlatform.Publishing\ContentPlatform.Publishing.csproj", "{C54F8334-00D8-4185-85FC-1EE29EB43023}"
EndProject
Project("{2150E333-8FDC-42A3-9474-1A3956D46DE8}") = "Site", "Site", "{0754F2E9-DECC-4257-5CCA-98149D177115}"
EndProject
Project("{FAE04EC0-301F-11D3-BF4B-00C04F79EFBC}") = "ContentPlatform.Site", "src\Contexts\Site\ContentPlatform.Site\ContentPlatform.Site.csproj", "{4CEBFEB3-7069-44ED-A414-676165B56F66}"
EndProject
Project("{2150E333-8FDC-42A3-9474-1A3956D46DE8}") = "Platform", "Platform", "{FA38D10B-00AE-8B72-B98B-25EF8E44D214}"
EndProject
Project("{FAE04EC0-301F-11D3-BF4B-00C04F79EFBC}") = "ContentPlatform.Platform", "src\Contexts\Platform\ContentPlatform.Platform\ContentPlatform.Platform.csproj", "{02E4C1BD-E2C1-4123-A698-468D5F4C1DB1}"
EndProject
Project("{FAE04EC0-301F-11D3-BF4B-00C04F79EFBC}") = "ContentPlatform.Ingestion.Contracts", "src\Contexts\Ingestion\ContentPlatform.Ingestion.Contracts\ContentPlatform.Ingestion.Contracts.csproj", "{B6B26E09-5F2D-42E1-A88A-62DFCE82E6C7}"
EndProject
Project("{FAE04EC0-301F-11D3-BF4B-00C04F79EFBC}") = "ContentPlatform.Editorial.Contracts", "src\Contexts\Editorial\ContentPlatform.Editorial.Contracts\ContentPlatform.Editorial.Contracts.csproj", "{9A5E8D87-C279-4851-B9D1-FE36D4290682}"
EndProject
Global
	GlobalSection(SolutionConfigurationPlatforms) = preSolution
		Debug|Any CPU = Debug|Any CPU
		Debug|x64 = Debug|x64
		Debug|x86 = Debug|x86
		Release|Any CPU = Release|Any CPU
		Release|x64 = Release|x64
		Release|x86 = Release|x86
	EndGlobalSection
	GlobalSection(ProjectConfigurationPlatforms) = postSolution
		{26F846F7-222F-40AC-B236-2B00E98BC6A5}.Debug|Any CPU.ActiveCfg = Debug|Any CPU
		{26F846F7-222F-40AC-B236-2B00E98BC6A5}.Debug|Any CPU.Build.0 = Debug|Any CPU
		{26F846F7-222F-40AC-B236-2B00E98BC6A5}.Debug|x64.ActiveCfg = Debug|Any CPU
		{26F846F7-222F-40AC-B236-2B00E98BC6A5}.Debug|x64.Build.0 = Debug|Any CPU
		{26F846F7-222F-40AC-B236-2B00E98BC6A5}.Debug|x86.ActiveCfg = Debug|Any CPU
		{26F846F7-222F-40AC-B236-2B00E98BC6A5}.Debug|x86.Build.0 = Debug|Any CPU
		{26F846F7-222F-40AC-B236-2B00E98BC6A5}.Release|Any CPU.ActiveCfg = Release|Any CPU
		{26F846F7-222F-40AC-B236-2B00E98BC6A5}.Release|Any CPU.Build.0 = Release|Any CPU
		{26F846F7-222F-40AC-B236-2B00E98BC6A5}.Release|x64.ActiveCfg = Release|Any CPU
		{26F846F7-222F-40AC-B236-2B00E98BC6A5}.Release|x64.Build.0 = Release|Any CPU
		{26F846F7-222F-40AC-B236-2B00E98BC6A5}.Release|x86.ActiveCfg = Release|Any CPU
		{26F846F7-222F-40AC-B236-2B00E98BC6A5}.Release|x86.Build.0 = Release|Any CPU
		{776AF70D-AF3A-4BA2-A5B1-1C05F716F434}.Debug|Any CPU.ActiveCfg = Debug|Any CPU
		{776AF70D-AF3A-4BA2-A5B1-1C05F716F434}.Debug|Any CPU.Build.0 = Debug|Any CPU
		{776AF70D-AF3A-4BA2-A5B1-1C05F716F434}.Debug|x64.ActiveCfg = Debug|Any CPU
		{776AF70D-AF3A-4BA2-A5B1-1C05F716F434}.Debug|x64.Build.0 = Debug|Any CPU
		{776AF70D-AF3A-4BA2-A5B1-1C05F716F434}.Debug|x86.ActiveCfg = Debug|Any CPU
		{776AF70D-AF3A-4BA2-A5B1-1C05F716F434}.Debug|x86.Build.0 = Debug|Any CPU
		{776AF70D-AF3A-4BA2-A5B1-1C05F716F434}.Release|Any CPU.ActiveCfg = Release|Any CPU
		{776AF70D-AF3A-4BA2-A5B1-1C05F716F434}.Release|Any CPU.Build.0 = Release|Any CPU
		{776AF70D-AF3A-4BA2-A5B1-1C05F716F434}.Release|x64.ActiveCfg = Release|Any CPU
		{776AF70D-AF3A-4BA2-A5B1-1C05F716F434}.Release|x64.Build.0 = Release|Any CPU
		{776AF70D-AF3A-4BA2-A5B1-1C05F716F434}.Release|x86.ActiveCfg = Release|Any CPU
		{776AF70D-AF3A-4BA2-A5B1-1C05F716F434}.Release|x86.Build.0 = Release|Any CPU
		{809C30E7-7F70-46A4-9CF9-25C486F1D05E}.Debug|Any CPU.ActiveCfg = Debug|Any CPU
		{809C30E7-7F70-46A4-9CF9-25C486F1D05E}.Debug|Any CPU.Build.0 = Debug|Any CPU
		{809C30E7-7F70-46A4-9CF9-25C486F1D05E}.Debug|x64.ActiveCfg = Debug|Any CPU
		{809C30E7-7F70-46A4-9CF9-25C486F1D05E}.Debug|x64.Build.0 = Debug|Any CPU
		{809C30E7-7F70-46A4-9CF9-25C486F1D05E}.Debug|x86.ActiveCfg = Debug|Any CPU
		{809C30E7-7F70-46A4-9CF9-25C486F1D05E}.Debug|x86.Build.0 = Debug|Any CPU
		{809C30E7-7F70-46A4-9CF9-25C486F1D05E}.Release|Any CPU.ActiveCfg = Release|Any CPU
		{809C30E7-7F70-46A4-9CF9-25C486F1D05E}.Release|Any CPU.Build.0 = Release|Any CPU
		{809C30E7-7F70-46A4-9CF9-25C486F1D05E}.Release|x64.ActiveCfg = Release|Any CPU
		{809C30E7-7F70-46A4-9CF9-25C486F1D05E}.Release|x64.Build.0 = Release|Any CPU
		{809C30E7-7F70-46A4-9CF9-25C486F1D05E}.Release|x86.ActiveCfg = Release|Any CPU
		{809C30E7-7F70-46A4-9CF9-25C486F1D05E}.Release|x86.Build.0 = Release|Any CPU
		{BDD8B6AD-5A93-493D-AF81-60B4541AF38C}.Debug|Any CPU.ActiveCfg = Debug|Any CPU
		{BDD8B6AD-5A93-493D-AF81-60B4541AF38C}.Debug|Any CPU.Build.0 = Debug|Any CPU
		{BDD8B6AD-5A93-493D-AF81-60B4541AF38C}.Debug|x64.ActiveCfg = Debug|Any CPU
		{BDD8B6AD-5A93-493D-AF81-60B4541AF38C}.Debug|x64.Build.0 = Debug|Any CPU
		{BDD8B6AD-5A93-493D-AF81-60B4541AF38C}.Debug|x86.ActiveCfg = Debug|Any CPU
		{BDD8B6AD-5A93-493D-AF81-60B4541AF38C}.Debug|x86.Build.0 = Debug|Any CPU
		{BDD8B6AD-5A93-493D-AF81-60B4541AF38C}.Release|Any CPU.ActiveCfg = Release|Any CPU
		{BDD8B6AD-5A93-493D-AF81-60B4541AF38C}.Release|Any CPU.Build.0 = Release|Any CPU
		{BDD8B6AD-5A93-493D-AF81-60B4541AF38C}.Release|x64.ActiveCfg = Release|Any CPU
		{BDD8B6AD-5A93-493D-AF81-60B4541AF38C}.Release|x64.Build.0 = Release|Any CPU
		{BDD8B6AD-5A93-493D-AF81-60B4541AF38C}.Release|x86.ActiveCfg = Release|Any CPU
		{BDD8B6AD-5A93-493D-AF81-60B4541AF38C}.Release|x86.Build.0 = Release|Any CPU
		{FF60BBA4-BC9B-4466-9CD4-F3A8272A3668}.Debug|Any CPU.ActiveCfg = Debug|Any CPU
		{FF60BBA4-BC9B-4466-9CD4-F3A8272A3668}.Debug|Any CPU.Build.0 = Debug|Any CPU
		{FF60BBA4-BC9B-4466-9CD4-F3A8272A3668}.Debug|x64.ActiveCfg = Debug|Any CPU
		{FF60BBA4-BC9B-4466-9CD4-F3A8272A3668}.Debug|x64.Build.0 = Debug|Any CPU
		{FF60BBA4-BC9B-4466-9CD4-F3A8272A3668}.Debug|x86.ActiveCfg = Debug|Any CPU
		{FF60BBA4-BC9B-4466-9CD4-F3A8272A3668}.Debug|x86.Build.0 = Debug|Any CPU
		{FF60BBA4-BC9B-4466-9CD4-F3A8272A3668}.Release|Any CPU.ActiveCfg = Release|Any CPU
		{FF60BBA4-BC9B-4466-9CD4-F3A8272A3668}.Release|Any CPU.Build.0 = Release|Any CPU
		{FF60BBA4-BC9B-4466-9CD4-F3A8272A3668}.Release|x64.ActiveCfg = Release|Any CPU
		{FF60BBA4-BC9B-4466-9CD4-F3A8272A3668}.Release|x64.Build.0 = Release|Any CPU
		{FF60BBA4-BC9B-4466-9CD4-F3A8272A3668}.Release|x86.ActiveCfg = Release|Any CPU
		{FF60BBA4-BC9B-4466-9CD4-F3A8272A3668}.Release|x86.Build.0 = Release|Any CPU
		{41EDBD93-B0F6-495B-90A2-B053E8B22FDC}.Debug|Any CPU.ActiveCfg = Debug|Any CPU
		{41EDBD93-B0F6-495B-90A2-B053E8B22FDC}.Debug|Any CPU.Build.0 = Debug|Any CPU
		{41EDBD93-B0F6-495B-90A2-B053E8B22FDC}.Debug|x64.ActiveCfg = Debug|Any CPU
		{41EDBD93-B0F6-495B-90A2-B053E8B22FDC}.Debug|x64.Build.0 = Debug|Any CPU
		{41EDBD93-B0F6-495B-90A2-B053E8B22FDC}.Debug|x86.ActiveCfg = Debug|Any CPU
		{41EDBD93-B0F6-495B-90A2-B053E8B22FDC}.Debug|x86.Build.0 = Debug|Any CPU
		{41EDBD93-B0F6-495B-90A2-B053E8B22FDC}.Release|Any CPU.ActiveCfg = Release|Any CPU
		{41EDBD93-B0F6-495B-90A2-B053E8B22FDC}.Release|Any CPU.Build.0 = Release|Any CPU
		{41EDBD93-B0F6-495B-90A2-B053E8B22FDC}.Release|x64.ActiveCfg = Release|Any CPU
		{41EDBD93-B0F6-495B-90A2-B053E8B22FDC}.Release|x64.Build.0 = Release|Any CPU
		{41EDBD93-B0F6-495B-90A2-B053E8B22FDC}.Release|x86.ActiveCfg = Release|Any CPU
		{41EDBD93-B0F6-495B-90A2-B053E8B22FDC}.Release|x86.Build.0 = Release|Any CPU
		{C54F8334-00D8-4185-85FC-1EE29EB43023}.Debug|Any CPU.ActiveCfg = Debug|Any CPU
		{C54F8334-00D8-4185-85FC-1EE29EB43023}.Debug|Any CPU.Build.0 = Debug|Any CPU
		{C54F8334-00D8-4185-85FC-1EE29EB43023}.Debug|x64.ActiveCfg = Debug|Any CPU
		{C54F8334-00D8-4185-85FC-1EE29EB43023}.Debug|x64.Build.0 = Debug|Any CPU
		{C54F8334-00D8-4185-85FC-1EE29EB43023}.Debug|x86.ActiveCfg = Debug|Any CPU
		{C54F8334-00D8-4185-85FC-1EE29EB43023}.Debug|x86.Build.0 = Debug|Any CPU
		{C54F8334-00D8-4185-85FC-1EE29EB43023}.Release|Any CPU.ActiveCfg = Release|Any CPU
		{C54F8334-00D8-4185-85FC-1EE29EB43023}.Release|Any CPU.Build.0 = Release|Any CPU
		{C54F8334-00D8-4185-85FC-1EE29EB43023}.Release|x64.ActiveCfg = Release|Any CPU
		{C54F8334-00D8-4185-85FC-1EE29EB43023}.Release|x64.Build.0 = Release|Any CPU
		{C54F8334-00D8-4185-85FC-1EE29EB43023}.Release|x86.ActiveCfg = Release|Any CPU
		{C54F8334-00D8-4185-85FC-1EE29EB43023}.Release|x86.Build.0 = Release|Any CPU
		{4CEBFEB3-7069-44ED-A414-676165B56F66}.Debug|Any CPU.ActiveCfg = Debug|Any CPU
		{4CEBFEB3-7069-44ED-A414-676165B56F66}.Debug|Any CPU.Build.0 = Debug|Any CPU
		{4CEBFEB3-7069-44ED-A414-676165B56F66}.Debug|x64.ActiveCfg = Debug|Any CPU
		{4CEBFEB3-7069-44ED-A414-676165B56F66}.Debug|x64.Build.0 = Debug|Any CPU
		{4CEBFEB3-7069-44ED-A414-676165B56F66}.Debug|x86.ActiveCfg = Debug|Any CPU
		{4CEBFEB3-7069-44ED-A414-676165B56F66}.Debug|x86.Build.0 = Debug|Any CPU
		{4CEBFEB3-7069-44ED-A414-676165B56F66}.Release|Any CPU.ActiveCfg = Release|Any CPU
		{4CEBFEB3-7069-44ED-A414-676165B56F66}.Release|Any CPU.Build.0 = Release|Any CPU
		{4CEBFEB3-7069-44ED-A414-676165B56F66}.Release|x64.ActiveCfg = Release|Any CPU
		{4CEBFEB3-7069-44ED-A414-676165B56F66}.Release|x64.Build.0 = Release|Any CPU
		{4CEBFEB3-7069-44ED-A414-676165B56F66}.Release|x86.ActiveCfg = Release|Any CPU
		{4CEBFEB3-7069-44ED-A414-676165B56F66}.Release|x86.Build.0 = Release|Any CPU
		{02E4C1BD-E2C1-4123-A698-468D5F4C1DB1}.Debug|Any CPU.ActiveCfg = Debug|Any CPU
		{02E4C1BD-E2C1-4123-A698-468D5F4C1DB1}.Debug|Any CPU.Build.0 = Debug|Any CPU
		{02E4C1BD-E2C1-4123-A698-468D5F4C1DB1}.Debug|x64.ActiveCfg = Debug|Any CPU
		{02E4C1BD-E2C1-4123-A698-468D5F4C1DB1}.Debug|x64.Build.0 = Debug|Any CPU
		{02E4C1BD-E2C1-4123-A698-468D5F4C1DB1}.Debug|x86.ActiveCfg = Debug|Any CPU
		{02E4C1BD-E2C1-4123-A698-468D5F4C1DB1}.Debug|x86.Build.0 = Debug|Any CPU
		{02E4C1BD-E2C1-4123-A698-468D5F4C1DB1}.Release|Any CPU.ActiveCfg = Release|Any CPU
		{02E4C1BD-E2C1-4123-A698-468D5F4C1DB1}.Release|Any CPU.Build.0 = Release|Any CPU
		{02E4C1BD-E2C1-4123-A698-468D5F4C1DB1}.Release|x64.ActiveCfg = Release|Any CPU
		{02E4C1BD-E2C1-4123-A698-468D5F4C1DB1}.Release|x64.Build.0 = Release|Any CPU
		{02E4C1BD-E2C1-4123-A698-468D5F4C1DB1}.Release|x86.ActiveCfg = Release|Any CPU
		{02E4C1BD-E2C1-4123-A698-468D5F4C1DB1}.Release|x86.Build.0 = Release|Any CPU
		{B6B26E09-5F2D-42E1-A88A-62DFCE82E6C7}.Debug|Any CPU.ActiveCfg = Debug|Any CPU
		{B6B26E09-5F2D-42E1-A88A-62DFCE82E6C7}.Debug|Any CPU.Build.0 = Debug|Any CPU
		{B6B26E09-5F2D-42E1-A88A-62DFCE82E6C7}.Debug|x64.ActiveCfg = Debug|Any CPU
		{B6B26E09-5F2D-42E1-A88A-62DFCE82E6C7}.Debug|x64.Build.0 = Debug|Any CPU
		{B6B26E09-5F2D-42E1-A88A-62DFCE82E6C7}.Debug|x86.ActiveCfg = Debug|Any CPU
		{B6B26E09-5F2D-42E1-A88A-62DFCE82E6C7}.Debug|x86.Build.0 = Debug|Any CPU
		{B6B26E09-5F2D-42E1-A88A-62DFCE82E6C7}.Release|Any CPU.ActiveCfg = Release|Any CPU
		{B6B26E09-5F2D-42E1-A88A-62DFCE82E6C7}.Release|Any CPU.Build.0 = Release|Any CPU
		{B6B26E09-5F2D-42E1-A88A-62DFCE82E6C7}.Release|x64.ActiveCfg = Release|Any CPU
		{B6B26E09-5F2D-42E1-A88A-62DFCE82E6C7}.Release|x64.Build.0 = Release|Any CPU
		{B6B26E09-5F2D-42E1-A88A-62DFCE82E6C7}.Release|x86.ActiveCfg = Release|Any CPU
		{B6B26E09-5F2D-42E1-A88A-62DFCE82E6C7}.Release|x86.Build.0 = Release|Any CPU
		{9A5E8D87-C279-4851-B9D1-FE36D4290682}.Debug|Any CPU.ActiveCfg = Debug|Any CPU
		{9A5E8D87-C279-4851-B9D1-FE36D4290682}.Debug|Any CPU.Build.0 = Debug|Any CPU
		{9A5E8D87-C279-4851-B9D1-FE36D4290682}.Debug|x64.ActiveCfg = Debug|Any CPU
		{9A5E8D87-C279-4851-B9D1-FE36D4290682}.Debug|x64.Build.0 = Debug|Any CPU
		{9A5E8D87-C279-4851-B9D1-FE36D4290682}.Debug|x86.ActiveCfg = Debug|Any CPU
		{9A5E8D87-C279-4851-B9D1-FE36D4290682}.Debug|x86.Build.0 = Debug|Any CPU
		{9A5E8D87-C279-4851-B9D1-FE36D4290682}.Release|Any CPU.ActiveCfg = Release|Any CPU
		{9A5E8D87-C279-4851-B9D1-FE36D4290682}.Release|Any CPU.Build.0 = Release|Any CPU
		{9A5E8D87-C279-4851-B9D1-FE36D4290682}.Release|x64.ActiveCfg = Release|Any CPU
		{9A5E8D87-C279-4851-B9D1-FE36D4290682}.Release|x64.Build.0 = Release|Any CPU
		{9A5E8D87-C279-4851-B9D1-FE36D4290682}.Release|x86.ActiveCfg = Release|Any CPU
		{9A5E8D87-C279-4851-B9D1-FE36D4290682}.Release|x86.Build.0 = Release|Any CPU
	EndGlobalSection
	GlobalSection(SolutionProperties) = preSolution
		HideSolutionNode = FALSE
	EndGlobalSection
	GlobalSection(NestedProjects) = preSolution
		{981C2CF6-E5BB-602A-511C-234B538302B0} = {827E0CD3-B72D-47B6-A68D-7590B98EB39B}
		{26F846F7-222F-40AC-B236-2B00E98BC6A5} = {981C2CF6-E5BB-602A-511C-234B538302B0}
		{C8E42992-5E42-0C2B-DBFE-AA848D06431C} = {827E0CD3-B72D-47B6-A68D-7590B98EB39B}
		{776AF70D-AF3A-4BA2-A5B1-1C05F716F434} = {C8E42992-5E42-0C2B-DBFE-AA848D06431C}
		{809C30E7-7F70-46A4-9CF9-25C486F1D05E} = {C8E42992-5E42-0C2B-DBFE-AA848D06431C}
		{BDD8B6AD-5A93-493D-AF81-60B4541AF38C} = {981C2CF6-E5BB-602A-511C-234B538302B0}
		{2F740AAA-E058-A105-0C4B-A5AF81FB7663} = {827E0CD3-B72D-47B6-A68D-7590B98EB39B}
		{6E77E5D7-12A5-9EFB-1CAA-2DC4BDB0A2BD} = {2F740AAA-E058-A105-0C4B-A5AF81FB7663}
		{FF60BBA4-BC9B-4466-9CD4-F3A8272A3668} = {6E77E5D7-12A5-9EFB-1CAA-2DC4BDB0A2BD}
		{D0A830E3-AE27-8469-E20C-8E71C796C48F} = {2F740AAA-E058-A105-0C4B-A5AF81FB7663}
		{41EDBD93-B0F6-495B-90A2-B053E8B22FDC} = {D0A830E3-AE27-8469-E20C-8E71C796C48F}
		{6864ADE7-D216-04B5-2091-C616B911A906} = {2F740AAA-E058-A105-0C4B-A5AF81FB7663}
		{C54F8334-00D8-4185-85FC-1EE29EB43023} = {6864ADE7-D216-04B5-2091-C616B911A906}
		{0754F2E9-DECC-4257-5CCA-98149D177115} = {2F740AAA-E058-A105-0C4B-A5AF81FB7663}
		{4CEBFEB3-7069-44ED-A414-676165B56F66} = {0754F2E9-DECC-4257-5CCA-98149D177115}
		{FA38D10B-00AE-8B72-B98B-25EF8E44D214} = {2F740AAA-E058-A105-0C4B-A5AF81FB7663}
		{02E4C1BD-E2C1-4123-A698-468D5F4C1DB1} = {FA38D10B-00AE-8B72-B98B-25EF8E44D214}
		{B6B26E09-5F2D-42E1-A88A-62DFCE82E6C7} = {6E77E5D7-12A5-9EFB-1CAA-2DC4BDB0A2BD}
		{9A5E8D87-C279-4851-B9D1-FE36D4290682} = {D0A830E3-AE27-8469-E20C-8E71C796C48F}
	EndGlobalSection
EndGlobal
